
Microsoft Visual Studio Solution File, Format Version 12.00
# Visual Studio Version 17
VisualStudioVersion = 17.0.31912.275
MinimumVisualStudioVersion = 10.0.40219.1
Project("{FAE04EC0-301F-11D3-BF4B-00C04F79EFBC}") = "scram_board", "scram_board.csproj", "{27B7FDE8-0205-4453-B913-FFE63B9224AF}"
EndProject
Project("{FAE04EC0-301F-11D3-BF4B-00C04F79EFBC}") = "scram_board_lib", "..\scram_board_lib\scram_board_lib.csproj", "{36FF8E19-5A6B-4EF1-B04F-EE352FD4F85E}"
EndProject
Global
	GlobalSection(SolutionConfigurationPlatforms) = preSolution
		Debug|Any CPU = Debug|Any CPU
		Release|Any CPU = Release|Any CPU
	EndGlobalSection
	GlobalSection(ProjectConfigurationPlatforms) = postSolution
		{27B7FDE8-0205-4453-B913-FFE63B9224AF}.Debug|Any CPU.ActiveCfg = Debug|Any CPU
		{27B7FDE8-0205-4453-B913-FFE63B9224AF}.Debug|Any CPU.Build.0 = Debug|Any CPU
		{27B7FDE8-0205-4453-B913-FFE63B9224AF}.Release|Any CPU.ActiveCfg = Release|Any CPU
		{27B7FDE8-0205-4453-B913-FFE63B9224AF}.Release|Any CPU.Build.0 = Release|Any CPU
		{36FF8E19-5A6B-4EF1-B04F-EE352FD4F85E}.Debug|Any CPU.ActiveCfg = Debug|Any CPU
		{36FF8E19-5A6B-4EF1-B04F-EE352FD4F85E}.Debug|Any CPU.Build.0 = Debug|Any CPU
		{36FF8E19-5A6B-4EF1-B04F-EE352FD4F85E}.Release|Any CPU.ActiveCfg = Release|Any CPU
		{36FF8E19-5A6B-4EF1-B04F-EE352FD4F85E}.Release|Any CPU.Build.0 = Release|Any CPU
	EndGlobalSection
	GlobalSection(SolutionProperties) = preSolution
		HideSolutionNode = FALSE
	EndGlobalSection
	GlobalSection(ExtensibilityGlobals) = postSolution
		SolutionGuid = {D9C566E5-4077-4B98-8E83-2918984FF68B}
	EndGlobalSection
EndGlobal
