
Microsoft Visual Studio Solution File, Format Version 12.00
# Visual Studio Version 17
VisualStudioVersion = 17.0.31912.275
MinimumVisualStudioVersion = 10.0.40219.1
Project("{FAE04EC0-301F-11D3-BF4B-00C04F79EFBC}") = "ScramBoardTests", "ScramBoardTests.csproj", "{1876F8B9-7075-48C3-9DDF-1E7E7C5BD4D6}"
EndProject
Project("{9A19103F-16F7-4668-BE54-9A1E7A4F7556}") = "scram_board_lib", "..\..\lw2\scram_board_lib\scram_board_lib.csproj", "{B8BABACE-5363-424D-BC66-2D26C5117F52}"
EndProject
Global
	GlobalSection(SolutionConfigurationPlatforms) = preSolution
		Debug|Any CPU = Debug|Any CPU
		Release|Any CPU = Release|Any CPU
	EndGlobalSection
	GlobalSection(ProjectConfigurationPlatforms) = postSolution
		{1876F8B9-7075-48C3-9DDF-1E7E7C5BD4D6}.Debug|Any CPU.ActiveCfg = Debug|Any CPU
		{1876F8B9-7075-48C3-9DDF-1E7E7C5BD4D6}.Debug|Any CPU.Build.0 = Debug|Any CPU
		{1876F8B9-7075-48C3-9DDF-1E7E7C5BD4D6}.Release|Any CPU.ActiveCfg = Release|Any CPU
		{1876F8B9-7075-48C3-9DDF-1E7E7C5BD4D6}.Release|Any CPU.Build.0 = Release|Any CPU
		{B8BABACE-5363-424D-BC66-2D26C5117F52}.Debug|Any CPU.ActiveCfg = Debug|Any CPU
		{B8BABACE-5363-424D-BC66-2D26C5117F52}.Debug|Any CPU.Build.0 = Debug|Any CPU
		{B8BABACE-5363-424D-BC66-2D26C5117F52}.Release|Any CPU.ActiveCfg = Release|Any CPU
		{B8BABACE-5363-424D-BC66-2D26C5117F52}.Release|Any CPU.Build.0 = Release|Any CPU
	EndGlobalSection
	GlobalSection(SolutionProperties) = preSolution
		HideSolutionNode = FALSE
	EndGlobalSection
	GlobalSection(ExtensibilityGlobals) = postSolution
		SolutionGuid = {996B5820-6AB2-469D-8636-C6CA87A53357}
	EndGlobalSection
EndGlobal
